
Microsoft Visual Studio Solution File, Format Version 12.00
# Visual Studio Version 17
VisualStudioVersion = 17.9.34622.214
MinimumVisualStudioVersion = 10.0.40219.1
Project("{FAE04EC0-301F-11D3-BF4B-00C04F79EFBC}") = "Herramientas2_ConexionSQL", "Herramientas2_ConexionSQL\Herramientas2_ConexionSQL.csproj", "{28AFD34F-7712-4FCC-AB14-57F3FE88EAF8}"
EndProject
Global
	GlobalSection(SolutionConfigurationPlatforms) = preSolution
		Debug|Any CPU = Debug|Any CPU
		Release|Any CPU = Release|Any CPU
	EndGlobalSection
	GlobalSection(ProjectConfigurationPlatforms) = postSolution
		{28AFD34F-7712-4FCC-AB14-57F3FE88EAF8}.Debug|Any CPU.ActiveCfg = Debug|Any CPU
		{28AFD34F-7712-4FCC-AB14-57F3FE88EAF8}.Debug|Any CPU.Build.0 = Debug|Any CPU
		{28AFD34F-7712-4FCC-AB14-57F3FE88EAF8}.Release|Any CPU.ActiveCfg = Release|Any CPU
		{28AFD34F-7712-4FCC-AB14-57F3FE88EAF8}.Release|Any CPU.Build.0 = Release|Any CPU
	EndGlobalSection
	GlobalSection(SolutionProperties) = preSolution
		HideSolutionNode = FALSE
	EndGlobalSection
	GlobalSection(ExtensibilityGlobals) = postSolution
		SolutionGuid = {CF1CB5E5-E65A-4D8D-9E39-67BC20689D90}
	EndGlobalSection
EndGlobal
